<?xml version="1.0" encoding="utf-8"?>
<Project ToolsVersion="4.0" xmlns="http://schemas.microsoft.com/developer/msbuild/2003">
  <ItemGroup>
    <Filter Include="Source Files">
      <UniqueIdentifier>{4FC737F1-C7A5-4376-A066-2A32D752A2FF}</UniqueIdentifier>
      <Extensions>cpp;c;cc;cxx;c++;def;odl;idl;hpj;bat;asm;asmx</Extensions>
    </Filter>
    <Filter Include="Header Files">
      <UniqueIdentifier>{93995380-89BD-4b04-88EB-625FBE52EBFB}</UniqueIdentifier>
      <Extensions>h;hh;hpp;hxx;h++;hm;inl;inc;ipp;xsd</Extensions>
    </Filter>
    <Filter Include="Resource Files">
      <UniqueIdentifier>{67DA6AB6-F800-4c08-8B7A-83BB121AAD01}</UniqueIdentifier>
      <Extensions>rc;ico;cur;bmp;dlg;rc2;rct;bin;rgs;gif;jpg;jpeg;jpe;resx;tiff;tif;png;wav;mfcribbon-ms</Extensions>
    </Filter>
  </ItemGroup>
  <ItemGroup>
    <ClCompile Include="SpaceInvaders.cpp">
      <Filter>Source Files</Filter>
    </ClCompile>
    <ClCompile Include="Game.cpp">
      <Filter>Source Files</Filter>
    </ClCompile>
    <ClCompile Include="Models\InvaderArmy.cpp">
      <Filter>Source Files</Filter>
    </ClCompile>
    <ClCompile Include="Models\Player.cpp">
      <Filter>Source Files</Filter>
    </ClCompile>
    <ClCompile Include="Models\Level.cpp">
      <Filter>Source Files</Filter>
    </ClCompile>
    <ClCompile Include="EventHandler.cpp">
      <Filter>Source Files</Filter>
    </ClCompile>
    <ClCompile Include="UI\CharacterSelectUI.cpp">
      <Filter>Source Files</Filter>
    </ClCompile>
    <ClCompile Include="UI\OverUI.cpp">
      <Filter>Source Files</Filter>
    </ClCompile>
    <ClCompile Include="UI\StartScreenUI.cpp">
      <Filter>Source Files</Filter>
    </ClCompile>
    <ClCompile Include="Models\ECS\UPositionComponent.cpp">
      <Filter>Source Files</Filter>
    </ClCompile>
    <ClCompile Include="Models\ECS\AActor.cpp">
      <Filter>Source Files</Filter>
    </ClCompile>
    <ClCompile Include="Models\ECS\Manager.cpp">
      <Filter>Source Files</Filter>
    </ClCompile>
    <ClCompile Include="Models\ECS\USpriteComponent.cpp">
      <Filter>Source Files</Filter>
    </ClCompile>
    <ClCompile Include="Models\ECS\UHealthComponent.cpp">
      <Filter>Source Files</Filter>
    </ClCompile>
    <ClCompile Include="Models\ECS\UHealthIndicatorComponent.cpp">
      <Filter>Source Files</Filter>
    </ClCompile>
    <ClCompile Include="Models\Utils.h">
      <Filter>Source Files</Filter>
    </ClCompile>
    <ClCompile Include="Models\Utils.cpp">
      <Filter>Source Files</Filter>
    </ClCompile>
    <ClCompile Include="Models\ECS\UCombatComponent.cpp">
      <Filter>Source Files</Filter>
    </ClCompile>
    <ClCompile Include="Models\ECS\APlayer.cpp">
      <Filter>Source Files</Filter>
    </ClCompile>
    <ClCompile Include="Models\ECS\AProjectile.cpp">
      <Filter>Source Files</Filter>
    </ClCompile>
    <ClCompile Include="Models\ECS\UProjectileMovementComponent.cpp">
      <Filter>Source Files</Filter>
    </ClCompile>
    <ClCompile Include="Models\ECS\UPlayerMovementComponent.cpp">
      <Filter>Source Files</Filter>
    </ClCompile>
    <ClCompile Include="Models\ECS\AInvader.cpp">
      <Filter>Source Files</Filter>
    </ClCompile>
    <ClCompile Include="Models\ECS\UAIMovementComponent.cpp">
      <Filter>Source Files</Filter>
    </ClCompile>
    <ClCompile Include="Models\ECS\UColliderComponent.cpp">
      <Filter>Source Files</Filter>
    </ClCompile>
    <ClCompile Include="Models\ECS\CollisionDetector.cpp">
      <Filter>Source Files</Filter>
    </ClCompile>
    <ClCompile Include="Models\CollisionDetectorr.cpp">
      <Filter>Source Files</Filter>
    </ClCompile>
    <ClCompile Include="UI\Playing\PlayingUI.cpp">
      <Filter>Source Files</Filter>
    </ClCompile>
    <ClCompile Include="Models\old\Shapes\Bullet.cpp">
      <Filter>Source Files</Filter>
    </ClCompile>
    <ClCompile Include="Models\old\Shapes\Invader.cpp">
      <Filter>Source Files</Filter>
    </ClCompile>
    <ClCompile Include="Models\old\Shapes\Shape.cpp">
      <Filter>Source Files</Filter>
    </ClCompile>
    <ClCompile Include="Models\old\Shapes\Ship.cpp">
      <Filter>Source Files</Filter>
    </ClCompile>
    <ClCompile Include="Models\old\Controllers\BulletAIController.cpp">
      <Filter>Source Files</Filter>
    </ClCompile>
    <ClCompile Include="Models\old\Controllers\PlayerAIController.cpp">
      <Filter>Source Files</Filter>
    </ClCompile>
    <ClCompile Include="Models\old\Controllers\PlayerController.cpp">
      <Filter>Source Files</Filter>
    </ClCompile>
    <ClCompile Include="UI\Playing\HPWidget.cpp">
      <Filter>Source Files</Filter>
    </ClCompile>
    <ClCompile Include="UI\Playing\UMainLifeIndicatorComponent.cpp">
      <Filter>Source Files</Filter>
    </ClCompile>
  </ItemGroup>
  <ItemGroup>
    <ClInclude Include="Game.h">
      <Filter>Header Files</Filter>
    </ClInclude>
    <ClInclude Include="SpaceInvaders.h">
      <Filter>Header Files</Filter>
    </ClInclude>
    <ClInclude Include="Config.h">
      <Filter>Header Files</Filter>
    </ClInclude>
    <ClInclude Include="Models\InvaderArmy.h">
      <Filter>Header Files</Filter>
    </ClInclude>
    <ClInclude Include="Models\Player.h">
      <Filter>Header Files</Filter>
    </ClInclude>
    <ClInclude Include="Models\Collider.h">
      <Filter>Header Files</Filter>
    </ClInclude>
    <ClInclude Include="Constants.h">
      <Filter>Header Files</Filter>
    </ClInclude>
    <ClInclude Include="Models\Level.h">
      <Filter>Header Files</Filter>
    </ClInclude>
    <ClInclude Include="Models\Invaders.hpp">
      <Filter>Header Files</Filter>
    </ClInclude>
    <ClInclude Include="Models\Ships.hpp">
      <Filter>Header Files</Filter>
    </ClInclude>
    <ClInclude Include="EventHandler.h">
      <Filter>Header Files</Filter>
    </ClInclude>
    <ClInclude Include="UI\CharacterSelectUI.h">
      <Filter>Header Files</Filter>
    </ClInclude>
    <ClInclude Include="UI\OverUI.h">
      <Filter>Header Files</Filter>
    </ClInclude>
    <ClInclude Include="UI\StartScreenUI.h">
      <Filter>Header Files</Filter>
    </ClInclude>
    <ClInclude Include="UI.hpp">
      <Filter>Header Files</Filter>
    </ClInclude>
    <ClInclude Include="Models\ECS\ECS.h">
      <Filter>Header Files</Filter>
    </ClInclude>
    <ClInclude Include="Models\ECS\UPositionComponent.h">
      <Filter>Header Files</Filter>
    </ClInclude>
    <ClInclude Include="Models\ECS\AActor.h">
      <Filter>Header Files</Filter>
    </ClInclude>
    <ClInclude Include="Models\ECS\Manager.h">
      <Filter>Header Files</Filter>
    </ClInclude>
    <ClInclude Include="Models\ECS\USpriteComponent.h">
      <Filter>Header Files</Filter>
    </ClInclude>
    <ClInclude Include="Models\ECS\UHealthComponent.h">
      <Filter>Header Files</Filter>
    </ClInclude>
    <ClInclude Include="Models\ECS\UCombatComponent.h">
      <Filter>Header Files</Filter>
    </ClInclude>
    <ClInclude Include="Models\ECS\UHealthIndicatorComponent.h">
      <Filter>Header Files</Filter>
    </ClInclude>
    <ClInclude Include="Models\ECS\APlayer.h">
      <Filter>Header Files</Filter>
    </ClInclude>
    <ClInclude Include="Models\ECS\AProjectile.h">
      <Filter>Header Files</Filter>
    </ClInclude>
    <ClInclude Include="Models\ECS\UProjectileMovementComponent.h">
      <Filter>Header Files</Filter>
    </ClInclude>
    <ClInclude Include="Models\ECS\UPlayerMovementComponent.h">
      <Filter>Header Files</Filter>
    </ClInclude>
    <ClInclude Include="Spawner.h">
      <Filter>Header Files</Filter>
    </ClInclude>
    <ClInclude Include="Models\ECS\AInvader.h">
      <Filter>Header Files</Filter>
    </ClInclude>
    <ClInclude Include="Models\ECS\UAIMovementComponent.h">
      <Filter>Header Files</Filter>
    </ClInclude>
    <ClInclude Include="Models\ECS\UColliderComponent.h">
      <Filter>Header Files</Filter>
    </ClInclude>
    <ClInclude Include="Models\ECS\CollisionDetector.h">
      <Filter>Header Files</Filter>
    </ClInclude>
    <ClInclude Include="Models\CollisionDetectorr.h">
      <Filter>Header Files</Filter>
    </ClInclude>
    <ClInclude Include="UI\Playing\PlayingUI.h">
      <Filter>Header Files</Filter>
    </ClInclude>
    <ClInclude Include="UI\UIBase.h">
      <Filter>Header Files</Filter>
    </ClInclude>
    <ClInclude Include="UI\Widget.h">
      <Filter>Header Files</Filter>
    </ClInclude>
    <ClInclude Include="UI\Playing\HPWidget.h">
      <Filter>Header Files</Filter>
    </ClInclude>
    <ClInclude Include="Models\old\Shapes\Bazooker.h">
      <Filter>Header Files</Filter>
    </ClInclude>
    <ClInclude Include="Models\old\Shapes\Bullet.h">
      <Filter>Header Files</Filter>
    </ClInclude>
    <ClInclude Include="Models\old\Shapes\Invader.h">
      <Filter>Header Files</Filter>
    </ClInclude>
    <ClInclude Include="Models\old\Shapes\Invader1.h">
      <Filter>Header Files</Filter>
    </ClInclude>
    <ClInclude Include="Models\old\Shapes\Invader2.h">
      <Filter>Header Files</Filter>
    </ClInclude>
    <ClInclude Include="Models\old\Shapes\Invader3.h">
      <Filter>Header Files</Filter>
    </ClInclude>
    <ClInclude Include="Models\old\Shapes\Shape.h">
      <Filter>Header Files</Filter>
    </ClInclude>
    <ClInclude Include="Models\old\Shapes\Ship.h">
      <Filter>Header Files</Filter>
    </ClInclude>
    <ClInclude Include="Models\old\Shapes\Slinger.h">
      <Filter>Header Files</Filter>
    </ClInclude>
    <ClInclude Include="Models\old\Controllers\BulletAIController.h">
      <Filter>Header Files</Filter>
    </ClInclude>
    <ClInclude Include="Models\old\Controllers\PlayerAIController.h">
      <Filter>Header Files</Filter>
    </ClInclude>
    <ClInclude Include="Models\old\Controllers\PlayerController.h">
      <Filter>Header Files</Filter>
    </ClInclude>
    <ClInclude Include="UI\Playing\UMainLifeIndicatorComponent.h">
      <Filter>Header Files</Filter>
    </ClInclude>
  </ItemGroup>
</Project>