<?xml version="1.0" encoding="utf-8"?>
<Project ToolsVersion="4.0" xmlns="http://schemas.microsoft.com/developer/msbuild/2003">
  <ItemGroup>
    <Filter Include="Source Files">
      <UniqueIdentifier>{4FC737F1-C7A5-4376-A066-2A32D752A2FF}</UniqueIdentifier>
      <Extensions>cpp;c;cc;cxx;c++;def;odl;idl;hpj;bat;asm;asmx</Extensions>
    </Filter>
    <Filter Include="Header Files">
      <UniqueIdentifier>{93995380-89BD-4b04-88EB-625FBE52EBFB}</UniqueIdentifier>
      <Extensions>h;hh;hpp;hxx;h++;hm;inl;inc;ipp;xsd</Extensions>
    </Filter>
    <Filter Include="Resource Files">
      <UniqueIdentifier>{67DA6AB6-F800-4c08-8B7A-83BB121AAD01}</UniqueIdentifier>
      <Extensions>rc;ico;cur;bmp;dlg;rc2;rct;bin;rgs;gif;jpg;jpeg;jpe;resx;tiff;tif;png;wav;mfcribbon-ms</Extensions>
    </Filter>
  </ItemGroup>
  <ItemGroup>
    <ClCompile Include="SpaceInvaders.cpp">
      <Filter>Source Files</Filter>
    </ClCompile>
    <ClCompile Include="Game.cpp">
      <Filter>Source Files</Filter>
    </ClCompile>
    <ClCompile Include="StartScreenUI.cpp">
      <Filter>Source Files</Filter>
    </ClCompile>
    <ClCompile Include="OverUI.cpp">
      <Filter>Source Files</Filter>
    </ClCompile>
    <ClCompile Include="CharacterSelectUI.cpp">
      <Filter>Source Files</Filter>
    </ClCompile>
    <ClCompile Include="Models\Bullet.cpp">
      <Filter>Source Files</Filter>
    </ClCompile>
    <ClCompile Include="Models\InvaderArmy.cpp">
      <Filter>Source Files</Filter>
    </ClCompile>
    <ClCompile Include="Models\Player.cpp">
      <Filter>Source Files</Filter>
    </ClCompile>
    <ClCompile Include="Models\Shape.cpp">
      <Filter>Source Files</Filter>
    </ClCompile>
    <ClCompile Include="Models\Ship.cpp">
      <Filter>Source Files</Filter>
    </ClCompile>
    <ClCompile Include="Models\Level.cpp">
      <Filter>Source Files</Filter>
    </ClCompile>
    <ClCompile Include="Models\EventHandler.cpp">
      <Filter>Source Files</Filter>
    </ClCompile>
    <ClCompile Include="Models\Controllers\BulletAIController.cpp">
      <Filter>Source Files</Filter>
    </ClCompile>
    <ClCompile Include="Models\Controllers\PlayerController.cpp">
      <Filter>Source Files</Filter>
    </ClCompile>
    <ClCompile Include="Models\Controllers\PlayerAIController.cpp">
      <Filter>Source Files</Filter>
    </ClCompile>
    <ClCompile Include="Models\Invaders\Invader.cpp">
      <Filter>Source Files</Filter>
    </ClCompile>
  </ItemGroup>
  <ItemGroup>
    <ClInclude Include="Game.h">
      <Filter>Header Files</Filter>
    </ClInclude>
    <ClInclude Include="SpaceInvaders.h">
      <Filter>Header Files</Filter>
    </ClInclude>
    <ClInclude Include="StartScreenUI.h">
      <Filter>Header Files</Filter>
    </ClInclude>
    <ClInclude Include="Config.h">
      <Filter>Header Files</Filter>
    </ClInclude>
    <ClInclude Include="OverUI.h">
      <Filter>Header Files</Filter>
    </ClInclude>
    <ClInclude Include="CharacterSelectUI.h">
      <Filter>Header Files</Filter>
    </ClInclude>
    <ClInclude Include="Models\Bullet.h">
      <Filter>Header Files</Filter>
    </ClInclude>
    <ClInclude Include="Models\InvaderArmy.h">
      <Filter>Header Files</Filter>
    </ClInclude>
    <ClInclude Include="Models\Player.h">
      <Filter>Header Files</Filter>
    </ClInclude>
    <ClInclude Include="Models\Ship.h">
      <Filter>Header Files</Filter>
    </ClInclude>
    <ClInclude Include="Models\Invaders\Invader.h">
      <Filter>Header Files</Filter>
    </ClInclude>
    <ClInclude Include="Models\Killable.h">
      <Filter>Header Files</Filter>
    </ClInclude>
    <ClInclude Include="Models\Shape.h">
      <Filter>Header Files</Filter>
    </ClInclude>
    <ClInclude Include="Models\Collider.h">
      <Filter>Header Files</Filter>
    </ClInclude>
    <ClInclude Include="Constants.h">
      <Filter>Header Files</Filter>
    </ClInclude>
    <ClInclude Include="Models\Level.h">
      <Filter>Header Files</Filter>
    </ClInclude>
    <ClInclude Include="Models\EventHandler.h">
      <Filter>Header Files</Filter>
    </ClInclude>
    <ClInclude Include="Models\Controllers\BulletAIController.h">
      <Filter>Header Files</Filter>
    </ClInclude>
    <ClInclude Include="Models\Controllers\PlayerController.h">
      <Filter>Header Files</Filter>
    </ClInclude>
    <ClInclude Include="Models\Controllers\PlayerAIController.h">
      <Filter>Header Files</Filter>
    </ClInclude>
  </ItemGroup>
</Project>